
Microsoft Visual Studio Solution File, Format Version 11.00
# Visual Studio 2010
Project("{FAE04EC0-301F-11D3-BF4B-00C04F79EFBC}") = "LessAddin", "LessAddin\LessAddin.csproj", "{334A487A-3126-432A-A671-D90D8CBEE71C}"
EndProject
Global
	GlobalSection(SolutionConfigurationPlatforms) = preSolution
		Debug|Any CPU = Debug|Any CPU
		Release|Any CPU = Release|Any CPU
	EndGlobalSection
	GlobalSection(ProjectConfigurationPlatforms) = postSolution
		{334A487A-3126-432A-A671-D90D8CBEE71C}.Debug|Any CPU.ActiveCfg = Debug|Any CPU
		{334A487A-3126-432A-A671-D90D8CBEE71C}.Debug|Any CPU.Build.0 = Debug|Any CPU
		{334A487A-3126-432A-A671-D90D8CBEE71C}.Release|Any CPU.ActiveCfg = Release|Any CPU
		{334A487A-3126-432A-A671-D90D8CBEE71C}.Release|Any CPU.Build.0 = Release|Any CPU
	EndGlobalSection
	GlobalSection(MonoDevelopProperties) = preSolution
		StartupItem = LessAddin\LessAddin.csproj
	EndGlobalSection
EndGlobal
